
Microsoft Visual Studio Solution File, Format Version 12.00
# Visual Studio Version 16
VisualStudioVersion = 16.0.30204.135
MinimumVisualStudioVersion = 10.0.40219.1
Project("{FAE04EC0-301F-11D3-BF4B-00C04F79EFBC}") = "Calculator", "Calculator.csproj", "{68B40D2E-9FED-49E2-BD3D-57D2F1677953}"
EndProject
Global
	GlobalSection(SolutionConfigurationPlatforms) = preSolution
		Debug|Any CPU = Debug|Any CPU
		Release|Any CPU = Release|Any CPU
	EndGlobalSection
	GlobalSection(ProjectConfigurationPlatforms) = postSolution
		{68B40D2E-9FED-49E2-BD3D-57D2F1677953}.Debug|Any CPU.ActiveCfg = Debug|Any CPU
		{68B40D2E-9FED-49E2-BD3D-57D2F1677953}.Debug|Any CPU.Build.0 = Debug|Any CPU
		{68B40D2E-9FED-49E2-BD3D-57D2F1677953}.Release|Any CPU.ActiveCfg = Release|Any CPU
		{68B40D2E-9FED-49E2-BD3D-57D2F1677953}.Release|Any CPU.Build.0 = Release|Any CPU
	EndGlobalSection
	GlobalSection(SolutionProperties) = preSolution
		HideSolutionNode = FALSE
	EndGlobalSection
	GlobalSection(ExtensibilityGlobals) = postSolution
		SolutionGuid = {2CA99A1C-3162-4B45-89D2-C96E8C166A1E}
	EndGlobalSection
EndGlobal
